
Microsoft Visual Studio Solution File, Format Version 12.00
# Visual Studio Version 17
VisualStudioVersion = 17.5.33424.131
MinimumVisualStudioVersion = 10.0.40219.1
Project("{9A19103F-16F7-4668-BE54-9A1E7A4F7556}") = "StoresG1.Shared", "StoresG1.Shared\StoresG1.Shared.csproj", "{C029DA1B-4540-4AC8-A404-0F889EF88F3A}"
EndProject
Project("{9A19103F-16F7-4668-BE54-9A1E7A4F7556}") = "StoresG1.API", "StoresG1.API\StoresG1.API.csproj", "{FFC4A1C1-5545-4D03-AFAD-AF840456AC81}"
EndProject
Project("{9A19103F-16F7-4668-BE54-9A1E7A4F7556}") = "StoresG1.WEB", "StoresG1.WEB\StoresG1.WEB.csproj", "{76E9D14E-B89C-405D-A5CA-C9568209565D}"
EndProject
Global
	GlobalSection(SolutionConfigurationPlatforms) = preSolution
		Debug|Any CPU = Debug|Any CPU
		Release|Any CPU = Release|Any CPU
	EndGlobalSection
	GlobalSection(ProjectConfigurationPlatforms) = postSolution
		{C029DA1B-4540-4AC8-A404-0F889EF88F3A}.Debug|Any CPU.ActiveCfg = Debug|Any CPU
		{C029DA1B-4540-4AC8-A404-0F889EF88F3A}.Debug|Any CPU.Build.0 = Debug|Any CPU
		{C029DA1B-4540-4AC8-A404-0F889EF88F3A}.Release|Any CPU.ActiveCfg = Release|Any CPU
		{C029DA1B-4540-4AC8-A404-0F889EF88F3A}.Release|Any CPU.Build.0 = Release|Any CPU
		{FFC4A1C1-5545-4D03-AFAD-AF840456AC81}.Debug|Any CPU.ActiveCfg = Debug|Any CPU
		{FFC4A1C1-5545-4D03-AFAD-AF840456AC81}.Debug|Any CPU.Build.0 = Debug|Any CPU
		{FFC4A1C1-5545-4D03-AFAD-AF840456AC81}.Release|Any CPU.ActiveCfg = Release|Any CPU
		{FFC4A1C1-5545-4D03-AFAD-AF840456AC81}.Release|Any CPU.Build.0 = Release|Any CPU
		{76E9D14E-B89C-405D-A5CA-C9568209565D}.Debug|Any CPU.ActiveCfg = Debug|Any CPU
		{76E9D14E-B89C-405D-A5CA-C9568209565D}.Debug|Any CPU.Build.0 = Debug|Any CPU
		{76E9D14E-B89C-405D-A5CA-C9568209565D}.Release|Any CPU.ActiveCfg = Release|Any CPU
		{76E9D14E-B89C-405D-A5CA-C9568209565D}.Release|Any CPU.Build.0 = Release|Any CPU
	EndGlobalSection
	GlobalSection(SolutionProperties) = preSolution
		HideSolutionNode = FALSE
	EndGlobalSection
	GlobalSection(ExtensibilityGlobals) = postSolution
		SolutionGuid = {39F6F936-23C2-451E-8E1F-4B1090318A4C}
	EndGlobalSection
EndGlobal
